
Microsoft Visual Studio Solution File, Format Version 12.00
# Visual Studio 15
VisualStudioVersion = 15.0.28307.168
MinimumVisualStudioVersion = 10.0.40219.1
Project("{8BC9CEB8-8B4A-11D0-8D11-00A0C91BC942}") = "NetFixClient", "NetFixClient.vcxproj", "{2DD1CECD-4B6E-4835-985C-A2ED06DC06C6}"
EndProject
Project("{8BC9CEB8-8B4A-11D0-8D11-00A0C91BC942}") = "OP2Internal", "OP2Internal\src\OP2Internal.vcxproj", "{97594BB1-793F-379B-F6AB-040AC8FE1424}"
EndProject
Project("{8BC9CEB8-8B4A-11D0-8D11-00A0C91BC942}") = "op2extDLL", "op2ext\srcDLL\op2extDLL.vcxproj", "{6DE3610C-C9EE-4FD3-BBD7-66382C16FDE9}"
EndProject
Project("{8BC9CEB8-8B4A-11D0-8D11-00A0C91BC942}") = "op2extStatic", "op2ext\srcStatic\op2extStatic.vcxproj", "{4F82DF84-DE4A-4AE0-9E05-FC5408AE23BA}"
EndProject
Project("{8BC9CEB8-8B4A-11D0-8D11-00A0C91BC942}") = "Outpost2DLL", "op2ext\Outpost2DLL\Outpost2DLL.vcxproj", "{B3F40368-F3CC-4EC5-A758-F5DAD08FEDDC}"
EndProject
Global
	GlobalSection(SolutionConfigurationPlatforms) = preSolution
		Debug|x86 = Debug|x86
		Release|x86 = Release|x86
	EndGlobalSection
	GlobalSection(ProjectConfigurationPlatforms) = postSolution
		{2DD1CECD-4B6E-4835-985C-A2ED06DC06C6}.Debug|x86.ActiveCfg = Debug|Win32
		{2DD1CECD-4B6E-4835-985C-A2ED06DC06C6}.Debug|x86.Build.0 = Debug|Win32
		{2DD1CECD-4B6E-4835-985C-A2ED06DC06C6}.Release|x86.ActiveCfg = Release|Win32
		{2DD1CECD-4B6E-4835-985C-A2ED06DC06C6}.Release|x86.Build.0 = Release|Win32
		{97594BB1-793F-379B-F6AB-040AC8FE1424}.Debug|x86.ActiveCfg = Debug|Win32
		{97594BB1-793F-379B-F6AB-040AC8FE1424}.Debug|x86.Build.0 = Debug|Win32
		{97594BB1-793F-379B-F6AB-040AC8FE1424}.Release|x86.ActiveCfg = Release|Win32
		{97594BB1-793F-379B-F6AB-040AC8FE1424}.Release|x86.Build.0 = Release|Win32
		{6DE3610C-C9EE-4FD3-BBD7-66382C16FDE9}.Debug|x86.ActiveCfg = Debug|Win32
		{6DE3610C-C9EE-4FD3-BBD7-66382C16FDE9}.Debug|x86.Build.0 = Debug|Win32
		{6DE3610C-C9EE-4FD3-BBD7-66382C16FDE9}.Release|x86.ActiveCfg = Release|Win32
		{6DE3610C-C9EE-4FD3-BBD7-66382C16FDE9}.Release|x86.Build.0 = Release|Win32
		{B3F40368-F3CC-4EC5-A758-F5DAD08FEDDC}.Debug|x86.ActiveCfg = Debug|Win32
		{B3F40368-F3CC-4EC5-A758-F5DAD08FEDDC}.Debug|x86.Build.0 = Debug|Win32
		{B3F40368-F3CC-4EC5-A758-F5DAD08FEDDC}.Release|x86.ActiveCfg = Release|Win32
		{B3F40368-F3CC-4EC5-A758-F5DAD08FEDDC}.Release|x86.Build.0 = Release|Win32
		{4F82DF84-DE4A-4AE0-9E05-FC5408AE23BA}.Debug|x86.ActiveCfg = Debug|Win32
		{4F82DF84-DE4A-4AE0-9E05-FC5408AE23BA}.Debug|x86.Build.0 = Debug|Win32
		{4F82DF84-DE4A-4AE0-9E05-FC5408AE23BA}.Release|x86.ActiveCfg = Release|Win32
		{4F82DF84-DE4A-4AE0-9E05-FC5408AE23BA}.Release|x86.Build.0 = Release|Win32
	EndGlobalSection
	GlobalSection(SolutionProperties) = preSolution
		HideSolutionNode = FALSE
	EndGlobalSection
	GlobalSection(ExtensibilityGlobals) = postSolution
		SolutionGuid = {EEE0E1CE-5892-4492-9E31-C6C694642F63}
	EndGlobalSection
EndGlobal
